
Microsoft Visual Studio Solution File, Format Version 12.00
# Visual Studio 15
VisualStudioVersion = 15.0.27428.2005
MinimumVisualStudioVersion = 10.0.40219.1
Project("{9A19103F-16F7-4668-BE54-9A1E7A4F7556}") = "XUnitTestProject1", "XUnitTestProject1\XUnitTestProject1.csproj", "{3194F795-5A64-4535-BD4A-2A4FAE00DE2C}"
EndProject
Project("{9A19103F-16F7-4668-BE54-9A1E7A4F7556}") = "ClassLibrary1", "ClassLibrary1\ClassLibrary1.csproj", "{C007E302-BF76-4040-936E-68F9B24246E3}"
EndProject
Project("{2150E333-8FDC-42A3-9474-1A3956D46DE8}") = "Solution Items", "Solution Items", "{208CEDA8-AB59-4DE2-A3AF-627A2DB344AF}"
	ProjectSection(SolutionItems) = preProject
		build.cake = build.cake
		build.ps1 = build.ps1
	EndProjectSection
EndProject
Project("{FAE04EC0-301F-11D3-BF4B-00C04F79EFBC}") = "ConsoleApp1", "ConsoleApp1\ConsoleApp1.csproj", "{38120E6E-F3BE-4B76-92A4-F3FA5BFD2EF8}"
EndProject
Global
	GlobalSection(SolutionConfigurationPlatforms) = preSolution
		Debug|Any CPU = Debug|Any CPU
		Release|Any CPU = Release|Any CPU
	EndGlobalSection
	GlobalSection(ProjectConfigurationPlatforms) = postSolution
		{3194F795-5A64-4535-BD4A-2A4FAE00DE2C}.Debug|Any CPU.ActiveCfg = Debug|Any CPU
		{3194F795-5A64-4535-BD4A-2A4FAE00DE2C}.Debug|Any CPU.Build.0 = Debug|Any CPU
		{3194F795-5A64-4535-BD4A-2A4FAE00DE2C}.Release|Any CPU.ActiveCfg = Release|Any CPU
		{3194F795-5A64-4535-BD4A-2A4FAE00DE2C}.Release|Any CPU.Build.0 = Release|Any CPU
		{C007E302-BF76-4040-936E-68F9B24246E3}.Debug|Any CPU.ActiveCfg = Debug|Any CPU
		{C007E302-BF76-4040-936E-68F9B24246E3}.Debug|Any CPU.Build.0 = Debug|Any CPU
		{C007E302-BF76-4040-936E-68F9B24246E3}.Release|Any CPU.ActiveCfg = Release|Any CPU
		{C007E302-BF76-4040-936E-68F9B24246E3}.Release|Any CPU.Build.0 = Release|Any CPU
		{38120E6E-F3BE-4B76-92A4-F3FA5BFD2EF8}.Debug|Any CPU.ActiveCfg = Debug|Any CPU
		{38120E6E-F3BE-4B76-92A4-F3FA5BFD2EF8}.Debug|Any CPU.Build.0 = Debug|Any CPU
		{38120E6E-F3BE-4B76-92A4-F3FA5BFD2EF8}.Release|Any CPU.ActiveCfg = Release|Any CPU
		{38120E6E-F3BE-4B76-92A4-F3FA5BFD2EF8}.Release|Any CPU.Build.0 = Release|Any CPU
	EndGlobalSection
	GlobalSection(SolutionProperties) = preSolution
		HideSolutionNode = FALSE
	EndGlobalSection
	GlobalSection(ExtensibilityGlobals) = postSolution
		SolutionGuid = {B7733B49-5F2F-43CB-A09C-EAAB3BD846F8}
	EndGlobalSection
EndGlobal
